// !$*UTF8*$!
{
	archiveVersion = 1;
	classes = {
	};
	objectVersion = 50;
	objects = {

/* Begin PBXBuildFile section */
		CD31483826126378009D1274 /* MobilePOAppApp.swift in Sources */ = {isa = PBXBuildFile; fileRef = CD31483726126378009D1274 /* MobilePOAppApp.swift */; };
		CD31483A26126378009D1274 /* ContentView.swift in Sources */ = {isa = PBXBuildFile; fileRef = CD31483926126378009D1274 /* ContentView.swift */; };
		CD31483C26126379009D1274 /* Assets.xcassets in Resources */ = {isa = PBXBuildFile; fileRef = CD31483B26126379009D1274 /* Assets.xcassets */; };
		CD31483F26126379009D1274 /* Preview Assets.xcassets in Resources */ = {isa = PBXBuildFile; fileRef = CD31483E26126379009D1274 /* Preview Assets.xcassets */; };
		CD31484A26126379009D1274 /* MobilePOAppTests.swift in Sources */ = {isa = PBXBuildFile; fileRef = CD31484926126379009D1274 /* MobilePOAppTests.swift */; };
		CD31485526126379009D1274 /* MobilePOAppUITests.swift in Sources */ = {isa = PBXBuildFile; fileRef = CD31485426126379009D1274 /* MobilePOAppUITests.swift */; };
/* End PBXBuildFile section */

/* Begin PBXContainerItemProxy section */
		CD31484626126379009D1274 /* PBXContainerItemProxy */ = {
			isa = PBXContainerItemProxy;
			containerPortal = CD31482C26126378009D1274 /* Project object */;
			proxyType = 1;
			remoteGlobalIDString = CD31483326126378009D1274;
			remoteInfo = MobilePOApp;
		};
		CD31485126126379009D1274 /* PBXContainerItemProxy */ = {
			isa = PBXContainerItemProxy;
			containerPortal = CD31482C26126378009D1274 /* Project object */;
			proxyType = 1;
			remoteGlobalIDString = CD31483326126378009D1274;
			remoteInfo = MobilePOApp;
		};
/* End PBXContainerItemProxy section */

/* Begin PBXFileReference section */
		CD31483426126378009D1274 /* MobilePOApp.app */ = {isa = PBXFileReference; explicitFileType = wrapper.application; includeInIndex = 0; path = MobilePOApp.app; sourceTree = BUILT_PRODUCTS_DIR; };
		CD31483726126378009D1274 /* MobilePOAppApp.swift */ = {isa = PBXFileReference; lastKnownFileType = sourcecode.swift; path = MobilePOAppApp.swift; sourceTree = "<group>"; };
		CD31483926126378009D1274 /* ContentView.swift */ = {isa = PBXFileReference; lastKnownFileType = sourcecode.swift; path = ContentView.swift; sourceTree = "<group>"; };
		CD31483B26126379009D1274 /* Assets.xcassets */ = {isa = PBXFileReference; lastKnownFileType = folder.assetcatalog; path = Assets.xcassets; sourceTree = "<group>"; };
		CD31483E26126379009D1274 /* Preview Assets.xcassets */ = {isa = PBXFileReference; lastKnownFileType = folder.assetcatalog; path = "Preview Assets.xcassets"; sourceTree = "<group>"; };
		CD31484026126379009D1274 /* Info.plist */ = {isa = PBXFileReference; lastKnownFileType = text.plist.xml; path = Info.plist; sourceTree = "<group>"; };
		CD31484526126379009D1274 /* MobilePOAppTests.xctest */ = {isa = PBXFileReference; explicitFileType = wrapper.cfbundle; includeInIndex = 0; path = MobilePOAppTests.xctest; sourceTree = BUILT_PRODUCTS_DIR; };
		CD31484926126379009D1274 /* MobilePOAppTests.swift */ = {isa = PBXFileReference; lastKnownFileType = sourcecode.swift; path = MobilePOAppTests.swift; sourceTree = "<group>"; };
		CD31484B26126379009D1274 /* Info.plist */ = {isa = PBXFileReference; lastKnownFileType = text.plist.xml; path = Info.plist; sourceTree = "<group>"; };
		CD31485026126379009D1274 /* MobilePOAppUITests.xctest */ = {isa = PBXFileReference; explicitFileType = wrapper.cfbundle; includeInIndex = 0; path = MobilePOAppUITests.xctest; sourceTree = BUILT_PRODUCTS_DIR; };
		CD31485426126379009D1274 /* MobilePOAppUITests.swift */ = {isa = PBXFileReference; lastKnownFileType = sourcecode.swift; path = MobilePOAppUITests.swift; sourceTree = "<group>"; };
		CD31485626126379009D1274 /* Info.plist */ = {isa = PBXFileReference; lastKnownFileType = text.plist.xml; path = Info.plist; sourceTree = "<group>"; };
/* End PBXFileReference section */

/* Begin PBXFrameworksBuildPhase section */
		CD31483126126378009D1274 /* Frameworks */ = {
			isa = PBXFrameworksBuildPhase;
			buildActionMask = 2147483647;
			files = (
			);
			runOnlyForDeploymentPostprocessing = 0;
		};
		CD31484226126379009D1274 /* Frameworks */ = {
			isa = PBXFrameworksBuildPhase;
			buildActionMask = 2147483647;
			files = (
			);
			runOnlyForDeploymentPostprocessing = 0;
		};
		CD31484D26126379009D1274 /* Frameworks */ = {
			isa = PBXFrameworksBuildPhase;
			buildActionMask = 2147483647;
			files = (
			);
			runOnlyForDeploymentPostprocessing = 0;
		};
/* End PBXFrameworksBuildPhase section */

/* Begin PBXGroup section */
		CD31482B26126378009D1274 = {
			isa = PBXGroup;
			children = (
				CD31483626126378009D1274 /* MobilePOApp */,
				CD31484826126379009D1274 /* MobilePOAppTests */,
				CD31485326126379009D1274 /* MobilePOAppUITests */,
				CD31483526126378009D1274 /* Products */,
			);
			sourceTree = "<group>";
		};
		CD31483526126378009D1274 /* Products */ = {
			isa = PBXGroup;
			children = (
				CD31483426126378009D1274 /* MobilePOApp.app */,
				CD31484526126379009D1274 /* MobilePOAppTests.xctest */,
				CD31485026126379009D1274 /* MobilePOAppUITests.xctest */,
			);
			name = Products;
			sourceTree = "<group>";
		};
		CD31483626126378009D1274 /* MobilePOApp */ = {
			isa = PBXGroup;
			children = (
				CD31483726126378009D1274 /* MobilePOAppApp.swift */,
				CD31483926126378009D1274 /* ContentView.swift */,
				CD31483B26126379009D1274 /* Assets.xcassets */,
				CD31484026126379009D1274 /* Info.plist */,
				CD31483D26126379009D1274 /* Preview Content */,
			);
			path = MobilePOApp;
			sourceTree = "<group>";
		};
		CD31483D26126379009D1274 /* Preview Content */ = {
			isa = PBXGroup;
			children = (
				CD31483E26126379009D1274 /* Preview Assets.xcassets */,
			);
			path = "Preview Content";
			sourceTree = "<group>";
		};
		CD31484826126379009D1274 /* MobilePOAppTests */ = {
			isa = PBXGroup;
			children = (
				CD31484926126379009D1274 /* MobilePOAppTests.swift */,
				CD31484B26126379009D1274 /* Info.plist */,
			);
			path = MobilePOAppTests;
			sourceTree = "<group>";
		};
		CD31485326126379009D1274 /* MobilePOAppUITests */ = {
			isa = PBXGroup;
			children = (
				CD31485426126379009D1274 /* MobilePOAppUITests.swift */,
				CD31485626126379009D1274 /* Info.plist */,
			);
			path = MobilePOAppUITests;
			sourceTree = "<group>";
		};
/* End PBXGroup section */

/* Begin PBXNativeTarget section */
		CD31483326126378009D1274 /* MobilePOApp */ = {
			isa = PBXNativeTarget;
			buildConfigurationList = CD31485926126379009D1274 /* Build configuration list for PBXNativeTarget "MobilePOApp" */;
			buildPhases = (
				CD31483026126378009D1274 /* Sources */,
				CD31483126126378009D1274 /* Frameworks */,
				CD31483226126378009D1274 /* Resources */,
			);
			buildRules = (
			);
			dependencies = (
			);
			name = MobilePOApp;
			productName = MobilePOApp;
			productReference = CD31483426126378009D1274 /* MobilePOApp.app */;
			productType = "com.apple.product-type.application";
		};
		CD31484426126379009D1274 /* MobilePOAppTests */ = {
			isa = PBXNativeTarget;
			buildConfigurationList = CD31485C26126379009D1274 /* Build configuration list for PBXNativeTarget "MobilePOAppTests" */;
			buildPhases = (
				CD31484126126379009D1274 /* Sources */,
				CD31484226126379009D1274 /* Frameworks */,
				CD31484326126379009D1274 /* Resources */,
			);
			buildRules = (
			);
			dependencies = (
				CD31484726126379009D1274 /* PBXTargetDependency */,
			);
			name = MobilePOAppTests;
			productName = MobilePOAppTests;
			productReference = CD31484526126379009D1274 /* MobilePOAppTests.xctest */;
			productType = "com.apple.product-type.bundle.unit-test";
		};
		CD31484F26126379009D1274 /* MobilePOAppUITests */ = {
			isa = PBXNativeTarget;
			buildConfigurationList = CD31485F26126379009D1274 /* Build configuration list for PBXNativeTarget "MobilePOAppUITests" */;
			buildPhases = (
				CD31484C26126379009D1274 /* Sources */,
				CD31484D26126379009D1274 /* Frameworks */,
				CD31484E26126379009D1274 /* Resources */,
			);
			buildRules = (
			);
			dependencies = (
				CD31485226126379009D1274 /* PBXTargetDependency */,
			);
			name = MobilePOAppUITests;
			productName = MobilePOAppUITests;
			productReference = CD31485026126379009D1274 /* MobilePOAppUITests.xctest */;
			productType = "com.apple.product-type.bundle.ui-testing";
		};
/* End PBXNativeTarget section */

/* Begin PBXProject section */
		CD31482C26126378009D1274 /* Project object */ = {
			isa = PBXProject;
			attributes = {
				LastSwiftUpdateCheck = 1240;
				LastUpgradeCheck = 1240;
				TargetAttributes = {
					CD31483326126378009D1274 = {
						CreatedOnToolsVersion = 12.4;
					};
					CD31484426126379009D1274 = {
						CreatedOnToolsVersion = 12.4;
						TestTargetID = CD31483326126378009D1274;
					};
					CD31484F26126379009D1274 = {
						CreatedOnToolsVersion = 12.4;
						TestTargetID = CD31483326126378009D1274;
					};
				};
			};
			buildConfigurationList = CD31482F26126378009D1274 /* Build configuration list for PBXProject "MobilePOApp" */;
			compatibilityVersion = "Xcode 9.3";
			developmentRegion = en;
			hasScannedForEncodings = 0;
			knownRegions = (
				en,
				Base,
			);
			mainGroup = CD31482B26126378009D1274;
			productRefGroup = CD31483526126378009D1274 /* Products */;
			projectDirPath = "";
			projectRoot = "";
			targets = (
				CD31483326126378009D1274 /* MobilePOApp */,
				CD31484426126379009D1274 /* MobilePOAppTests */,
				CD31484F26126379009D1274 /* MobilePOAppUITests */,
			);
		};
/* End PBXProject section */

/* Begin PBXResourcesBuildPhase section */
		CD31483226126378009D1274 /* Resources */ = {
			isa = PBXResourcesBuildPhase;
			buildActionMask = 2147483647;
			files = (
				CD31483F26126379009D1274 /* Preview Assets.xcassets in Resources */,
				CD31483C26126379009D1274 /* Assets.xcassets in Resources */,
			);
			runOnlyForDeploymentPostprocessing = 0;
		};
		CD31484326126379009D1274 /* Resources */ = {
			isa = PBXResourcesBuildPhase;
			buildActionMask = 2147483647;
			files = (
			);
			runOnlyForDeploymentPostprocessing = 0;
		};
		CD31484E26126379009D1274 /* Resources */ = {
			isa = PBXResourcesBuildPhase;
			buildActionMask = 2147483647;
			files = (
			);
			runOnlyForDeploymentPostprocessing = 0;
		};
/* End PBXResourcesBuildPhase section */

/* Begin PBXSourcesBuildPhase section */
		CD31483026126378009D1274 /* Sources */ = {
			isa = PBXSourcesBuildPhase;
			buildActionMask = 2147483647;
			files = (
				CD31483A26126378009D1274 /* ContentView.swift in Sources */,
				CD31483826126378009D1274 /* MobilePOAppApp.swift in Sources */,
			);
			runOnlyForDeploymentPostprocessing = 0;
		};
		CD31484126126379009D1274 /* Sources */ = {
			isa = PBXSourcesBuildPhase;
			buildActionMask = 2147483647;
			files = (
				CD31484A26126379009D1274 /* MobilePOAppTests.swift in Sources */,
			);
			runOnlyForDeploymentPostprocessing = 0;
		};
		CD31484C26126379009D1274 /* Sources */ = {
			isa = PBXSourcesBuildPhase;
			buildActionMask = 2147483647;
			files = (
				CD31485526126379009D1274 /* MobilePOAppUITests.swift in Sources */,
			);
			runOnlyForDeploymentPostprocessing = 0;
		};
/* End PBXSourcesBuildPhase section */

/* Begin PBXTargetDependency section */
		CD31484726126379009D1274 /* PBXTargetDependency */ = {
			isa = PBXTargetDependency;
			target = CD31483326126378009D1274 /* MobilePOApp */;
			targetProxy = CD31484626126379009D1274 /* PBXContainerItemProxy */;
		};
		CD31485226126379009D1274 /* PBXTargetDependency */ = {
			isa = PBXTargetDependency;
			target = CD31483326126378009D1274 /* MobilePOApp */;
			targetProxy = CD31485126126379009D1274 /* PBXContainerItemProxy */;
		};
/* End PBXTargetDependency section */

/* Begin XCBuildConfiguration section */
		CD31485726126379009D1274 /* Debug */ = {
			isa = XCBuildConfiguration;
			buildSettings = {
				ALWAYS_SEARCH_USER_PATHS = NO;
				CLANG_ANALYZER_NONNULL = YES;
				CLANG_ANALYZER_NUMBER_OBJECT_CONVERSION = YES_AGGRESSIVE;
				CLANG_CXX_LANGUAGE_STANDARD = "gnu++14";
				CLANG_CXX_LIBRARY = "libc++";
				CLANG_ENABLE_MODULES = YES;
				CLANG_ENABLE_OBJC_ARC = YES;
				CLANG_ENABLE_OBJC_WEAK = YES;
				CLANG_WARN_BLOCK_CAPTURE_AUTORELEASING = YES;
				CLANG_WARN_BOOL_CONVERSION = YES;
				CLANG_WARN_COMMA = YES;
				CLANG_WARN_CONSTANT_CONVERSION = YES;
				CLANG_WARN_DEPRECATED_OBJC_IMPLEMENTATIONS = YES;
				CLANG_WARN_DIRECT_OBJC_ISA_USAGE = YES_ERROR;
				CLANG_WARN_DOCUMENTATION_COMMENTS = YES;
				CLANG_WARN_EMPTY_BODY = YES;
				CLANG_WARN_ENUM_CONVERSION = YES;
				CLANG_WARN_INFINITE_RECURSION = YES;
				CLANG_WARN_INT_CONVERSION = YES;
				CLANG_WARN_NON_LITERAL_NULL_CONVERSION = YES;
				CLANG_WARN_OBJC_IMPLICIT_RETAIN_SELF = YES;
				CLANG_WARN_OBJC_LITERAL_CONVERSION = YES;
				CLANG_WARN_OBJC_ROOT_CLASS = YES_ERROR;
				CLANG_WARN_QUOTED_INCLUDE_IN_FRAMEWORK_HEADER = YES;
				CLANG_WARN_RANGE_LOOP_ANALYSIS = YES;
				CLANG_WARN_STRICT_PROTOTYPES = YES;
				CLANG_WARN_SUSPICIOUS_MOVE = YES;
				CLANG_WARN_UNGUARDED_AVAILABILITY = YES_AGGRESSIVE;
				CLANG_WARN_UNREACHABLE_CODE = YES;
				CLANG_WARN__DUPLICATE_METHOD_MATCH = YES;
				COPY_PHASE_STRIP = NO;
				DEBUG_INFORMATION_FORMAT = dwarf;
				ENABLE_STRICT_OBJC_MSGSEND = YES;
				ENABLE_TESTABILITY = YES;
				GCC_C_LANGUAGE_STANDARD = gnu11;
				GCC_DYNAMIC_NO_PIC = NO;
				GCC_NO_COMMON_BLOCKS = YES;
				GCC_OPTIMIZATION_LEVEL = 0;
				GCC_PREPROCESSOR_DEFINITIONS = (
					"DEBUG=1",
					"$(inherited)",
				);
				GCC_WARN_64_TO_32_BIT_CONVERSION = YES;
				GCC_WARN_ABOUT_RETURN_TYPE = YES_ERROR;
				GCC_WARN_UNDECLARED_SELECTOR = YES;
				GCC_WARN_UNINITIALIZED_AUTOS = YES_AGGRESSIVE;
				GCC_WARN_UNUSED_FUNCTION = YES;
				GCC_WARN_UNUSED_VARIABLE = YES;
				IPHONEOS_DEPLOYMENT_TARGET = 14.4;
				MTL_ENABLE_DEBUG_INFO = INCLUDE_SOURCE;
				MTL_FAST_MATH = YES;
				ONLY_ACTIVE_ARCH = YES;
				SDKROOT = iphoneos;
				SWIFT_ACTIVE_COMPILATION_CONDITIONS = DEBUG;
				SWIFT_OPTIMIZATION_LEVEL = "-Onone";
			};
			name = Debug;
		};
		CD31485826126379009D1274 /* Release */ = {
			isa = XCBuildConfiguration;
			buildSettings = {
				ALWAYS_SEARCH_USER_PATHS = NO;
				CLANG_ANALYZER_NONNULL = YES;
				CLANG_ANALYZER_NUMBER_OBJECT_CONVERSION = YES_AGGRESSIVE;
				CLANG_CXX_LANGUAGE_STANDARD = "gnu++14";
				CLANG_CXX_LIBRARY = "libc++";
				CLANG_ENABLE_MODULES = YES;
				CLANG_ENABLE_OBJC_ARC = YES;
				CLANG_ENABLE_OBJC_WEAK = YES;
				CLANG_WARN_BLOCK_CAPTURE_AUTORELEASING = YES;
				CLANG_WARN_BOOL_CONVERSION = YES;
				CLANG_WARN_COMMA = YES;
				CLANG_WARN_CONSTANT_CONVERSION = YES;
				CLANG_WARN_DEPRECATED_OBJC_IMPLEMENTATIONS = YES;
				CLANG_WARN_DIRECT_OBJC_ISA_USAGE = YES_ERROR;
				CLANG_WARN_DOCUMENTATION_COMMENTS = YES;
				CLANG_WARN_EMPTY_BODY = YES;
				CLANG_WARN_ENUM_CONVERSION = YES;
				CLANG_WARN_INFINITE_RECURSION = YES;
				CLANG_WARN_INT_CONVERSION = YES;
				CLANG_WARN_NON_LITERAL_NULL_CONVERSION = YES;
				CLANG_WARN_OBJC_IMPLICIT_RETAIN_SELF = YES;
				CLANG_WARN_OBJC_LITERAL_CONVERSION = YES;
				CLANG_WARN_OBJC_ROOT_CLASS = YES_ERROR;
				CLANG_WARN_QUOTED_INCLUDE_IN_FRAMEWORK_HEADER = YES;
				CLANG_WARN_RANGE_LOOP_ANALYSIS = YES;
				CLANG_WARN_STRICT_PROTOTYPES = YES;
				CLANG_WARN_SUSPICIOUS_MOVE = YES;
				CLANG_WARN_UNGUARDED_AVAILABILITY = YES_AGGRESSIVE;
				CLANG_WARN_UNREACHABLE_CODE = YES;
				CLANG_WARN__DUPLICATE_METHOD_MATCH = YES;
				COPY_PHASE_STRIP = NO;
				DEBUG_INFORMATION_FORMAT = "dwarf-with-dsym";
				ENABLE_NS_ASSERTIONS = NO;
				ENABLE_STRICT_OBJC_MSGSEND = YES;
				GCC_C_LANGUAGE_STANDARD = gnu11;
				GCC_NO_COMMON_BLOCKS = YES;
				GCC_WARN_64_TO_32_BIT_CONVERSION = YES;
				GCC_WARN_ABOUT_RETURN_TYPE = YES_ERROR;
				GCC_WARN_UNDECLARED_SELECTOR = YES;
				GCC_WARN_UNINITIALIZED_AUTOS = YES_AGGRESSIVE;
				GCC_WARN_UNUSED_FUNCTION = YES;
				GCC_WARN_UNUSED_VARIABLE = YES;
				IPHONEOS_DEPLOYMENT_TARGET = 14.4;
				MTL_ENABLE_DEBUG_INFO = NO;
				MTL_FAST_MATH = YES;
				SDKROOT = iphoneos;
				SWIFT_COMPILATION_MODE = wholemodule;
				SWIFT_OPTIMIZATION_LEVEL = "-O";
				VALIDATE_PRODUCT = YES;
			};
			name = Release;
		};
		CD31485A26126379009D1274 /* Debug */ = {
			isa = XCBuildConfiguration;
			buildSettings = {
				ASSETCATALOG_COMPILER_APPICON_NAME = AppIcon;
				ASSETCATALOG_COMPILER_GLOBAL_ACCENT_COLOR_NAME = AccentColor;
				CODE_SIGN_STYLE = Automatic;
				DEVELOPMENT_ASSET_PATHS = "\"MobilePOApp/Preview Content\"";
				ENABLE_PREVIEWS = YES;
				INFOPLIST_FILE = MobilePOApp/Info.plist;
				IPHONEOS_DEPLOYMENT_TARGET = 14.0;
				LD_RUNPATH_SEARCH_PATHS = (
					"$(inherited)",
					"@executable_path/Frameworks",
				);
				PRODUCT_BUNDLE_IDENTIFIER = com.ibm.MobilePOApp;
				PRODUCT_NAME = "$(TARGET_NAME)";
				SWIFT_VERSION = 5.0;
				TARGETED_DEVICE_FAMILY = "1,2";
			};
			name = Debug;
		};
		CD31485B26126379009D1274 /* Release */ = {
			isa = XCBuildConfiguration;
			buildSettings = {
				ASSETCATALOG_COMPILER_APPICON_NAME = AppIcon;
				ASSETCATALOG_COMPILER_GLOBAL_ACCENT_COLOR_NAME = AccentColor;
				CODE_SIGN_STYLE = Automatic;
				DEVELOPMENT_ASSET_PATHS = "\"MobilePOApp/Preview Content\"";
				ENABLE_PREVIEWS = YES;
				INFOPLIST_FILE = MobilePOApp/Info.plist;
				IPHONEOS_DEPLOYMENT_TARGET = 14.0;
				LD_RUNPATH_SEARCH_PATHS = (
					"$(inherited)",
					"@executable_path/Frameworks",
				);
				PRODUCT_BUNDLE_IDENTIFIER = com.ibm.MobilePOApp;
				PRODUCT_NAME = "$(TARGET_NAME)";
				SWIFT_VERSION = 5.0;
				TARGETED_DEVICE_FAMILY = "1,2";
			};
			name = Release;
		};
		CD31485D26126379009D1274 /* Debug */ = {
			isa = XCBuildConfiguration;
			buildSettings = {
				ALWAYS_EMBED_SWIFT_STANDARD_LIBRARIES = YES;
				BUNDLE_LOADER = "$(TEST_HOST)";
				CODE_SIGN_STYLE = Automatic;
				INFOPLIST_FILE = MobilePOAppTests/Info.plist;
				IPHONEOS_DEPLOYMENT_TARGET = 14.0;
				LD_RUNPATH_SEARCH_PATHS = (
					"$(inherited)",
					"@executable_path/Frameworks",
					"@loader_path/Frameworks",
				);
				PRODUCT_BUNDLE_IDENTIFIER = com.ibm.MobilePOAppTests;
				PRODUCT_NAME = "$(TARGET_NAME)";
				SWIFT_VERSION = 5.0;
				TARGETED_DEVICE_FAMILY = "1,2";
				TEST_HOST = "$(BUILT_PRODUCTS_DIR)/MobilePOApp.app/MobilePOApp";
			};
			name = Debug;
		};
		CD31485E26126379009D1274 /* Release */ = {
			isa = XCBuildConfiguration;
			buildSettings = {
				ALWAYS_EMBED_SWIFT_STANDARD_LIBRARIES = YES;
				BUNDLE_LOADER = "$(TEST_HOST)";
				CODE_SIGN_STYLE = Automatic;
				INFOPLIST_FILE = MobilePOAppTests/Info.plist;
				IPHONEOS_DEPLOYMENT_TARGET = 14.0;
				LD_RUNPATH_SEARCH_PATHS = (
					"$(inherited)",
					"@executable_path/Frameworks",
					"@loader_path/Frameworks",
				);
				PRODUCT_BUNDLE_IDENTIFIER = com.ibm.MobilePOAppTests;
				PRODUCT_NAME = "$(TARGET_NAME)";
				SWIFT_VERSION = 5.0;
				TARGETED_DEVICE_FAMILY = "1,2";
				TEST_HOST = "$(BUILT_PRODUCTS_DIR)/MobilePOApp.app/MobilePOApp";
			};
			name = Release;
		};
		CD31486026126379009D1274 /* Debug */ = {
			isa = XCBuildConfiguration;
			buildSettings = {
				ALWAYS_EMBED_SWIFT_STANDARD_LIBRARIES = YES;
				CODE_SIGN_STYLE = Automatic;
				INFOPLIST_FILE = MobilePOAppUITests/Info.plist;
				LD_RUNPATH_SEARCH_PATHS = (
					"$(inherited)",
					"@executable_path/Frameworks",
					"@loader_path/Frameworks",
				);
				PRODUCT_BUNDLE_IDENTIFIER = com.ibm.MobilePOAppUITests;
				PRODUCT_NAME = "$(TARGET_NAME)";
				SWIFT_VERSION = 5.0;
				TARGETED_DEVICE_FAMILY = "1,2";
				TEST_TARGET_NAME = MobilePOApp;
			};
			name = Debug;
		};
		CD31486126126379009D1274 /* Release */ = {
			isa = XCBuildConfiguration;
			buildSettings = {
				ALWAYS_EMBED_SWIFT_STANDARD_LIBRARIES = YES;
				CODE_SIGN_STYLE = Automatic;
				INFOPLIST_FILE = MobilePOAppUITests/Info.plist;
				LD_RUNPATH_SEARCH_PATHS = (
					"$(inherited)",
					"@executable_path/Frameworks",
					"@loader_path/Frameworks",
				);
				PRODUCT_BUNDLE_IDENTIFIER = com.ibm.MobilePOAppUITests;
				PRODUCT_NAME = "$(TARGET_NAME)";
				SWIFT_VERSION = 5.0;
				TARGETED_DEVICE_FAMILY = "1,2";
				TEST_TARGET_NAME = MobilePOApp;
			};
			name = Release;
		};
/* End XCBuildConfiguration section */

/* Begin XCConfigurationList section */
		CD31482F26126378009D1274 /* Build configuration list for PBXProject "MobilePOApp" */ = {
			isa = XCConfigurationList;
			buildConfigurations = (
				CD31485726126379009D1274 /* Debug */,
				CD31485826126379009D1274 /* Release */,
			);
			defaultConfigurationIsVisible = 0;
			defaultConfigurationName = Release;
		};
		CD31485926126379009D1274 /* Build configuration list for PBXNativeTarget "MobilePOApp" */ = {
			isa = XCConfigurationList;
			buildConfigurations = (
				CD31485A26126379009D1274 /* Debug */,
				CD31485B26126379009D1274 /* Release */,
			);
			defaultConfigurationIsVisible = 0;
			defaultConfigurationName = Release;
		};
		CD31485C26126379009D1274 /* Build configuration list for PBXNativeTarget "MobilePOAppTests" */ = {
			isa = XCConfigurationList;
			buildConfigurations = (
				CD31485D26126379009D1274 /* Debug */,
				CD31485E26126379009D1274 /* Release */,
			);
			defaultConfigurationIsVisible = 0;
			defaultConfigurationName = Release;
		};
		CD31485F26126379009D1274 /* Build configuration list for PBXNativeTarget "MobilePOAppUITests" */ = {
			isa = XCConfigurationList;
			buildConfigurations = (
				CD31486026126379009D1274 /* Debug */,
				CD31486126126379009D1274 /* Release */,
			);
			defaultConfigurationIsVisible = 0;
			defaultConfigurationName = Release;
		};
/* End XCConfigurationList section */
	};
	rootObject = CD31482C26126378009D1274 /* Project object */;
}
